PODS:
  - Ads-Global (7.4.1.0):
    - Ads-Global/BUAdSDK (= 7.4.1.0)
  - Ads-Global/BUAdSDK (7.4.1.0)
  - AppLovinMediationBigoAdsAdapter (4.6.0.0):
    - AppLovinSDK (>= 12.4.1)
    - BigoADS (= 4.6.0)
  - AppLovinMediationFacebookAdapter (6.17.1.0):
    - AppLovinSDK (>= 13.0.0)
    - FBAudienceNetwork (= 6.17.1)
  - AppLovinMediationFyberAdapter (8.3.5.1):
    - AppLovinSDK (>= 13.0.0)
    - Fyber_Marketplace_SDK (= 8.3.5)
  - AppLovinMediationGoogleAdapter (12.1.0.0):
    - AppLovinSDK (>= 13.0.0)
    - Google-Mobile-Ads-SDK (= 12.1.0)
  - AppLovinMediationIronSourceAdapter (8.8.0.0.0):
    - AppLovinSDK (>= 13.0.0)
    - IronSourceSDK (= 8.8.0.0)
  - AppLovinMediationMintegralAdapter (7.7.7.0.0):
    - AppLovinSDK (>= 13.0.0)
    - MintegralAdSDK (= 7.7.7)
    - MintegralAdSDK/BidSplashAd (= 7.7.7)
  - AppLovinMediationUnityAdsAdapter (4.14.0.0):
    - AppLovinSDK (>= 13.0.0)
    - UnityAds (= 4.14.0)
  - AppLovinMediationVungleAdapter (7.4.5.1):
    - AppLovinSDK (>= 13.0.0)
    - VungleAds (= 7.4.5)
  - AppLovinSDK (13.1.0)
  - bigo-ads-admob-adapter (4.6.0.0):
    - BigoADS (= 4.6.0)
    - Google-Mobile-Ads-SDK
  - BigoADS (4.6.0)
  - FBAudienceNetwork (6.17.1)
  - FirebaseABTesting (11.15.0):
    - FirebaseCore (~> 11.15.0)
  - FirebaseCore (11.15.0):
    - FirebaseCoreInternal (~> 11.15.0)
    - GoogleUtilities/Environment (~> 8.1)
    - GoogleUtilities/Logger (~> 8.1)
  - FirebaseCoreInternal (11.15.0):
    - "GoogleUtilities/NSData+zlib (~> 8.1)"
  - FirebaseInstallations (11.15.0):
    - FirebaseCore (~> 11.15.0)
    - GoogleUtilities/Environment (~> 8.1)
    - GoogleUtilities/UserDefaults (~> 8.1)
    - PromisesObjC (~> 2.4)
  - FirebaseRemoteConfig (11.15.0):
    - FirebaseABTesting (~> 11.0)
    - FirebaseCore (~> 11.15.0)
    - FirebaseInstallations (~> 11.0)
    - FirebaseRemoteConfigInterop (~> 11.0)
    - FirebaseSharedSwift (~> 11.0)
    - GoogleUtilities/Environment (~> 8.1)
    - "GoogleUtilities/NSData+zlib (~> 8.1)"
  - FirebaseRemoteConfigInterop (11.15.0)
  - FirebaseSharedSwift (11.15.0)
  - Fyber_Marketplace_SDK (8.3.5)
  - Google-Mobile-Ads-SDK (12.1.0):
    - GoogleUserMessagingPlatform (>= 1.1)
  - GoogleMobileAdsMediationAppLovin (13.1.0.1):
    - AppLovinSDK (= 13.1.0)
    - Google-Mobile-Ads-SDK (~> 12.0)
  - GoogleMobileAdsMediationFacebook (6.17.1.0):
    - FBAudienceNetwork (= 6.17.1)
    - Google-Mobile-Ads-SDK (~> 12.0)
  - GoogleMobileAdsMediationIronSource (8.8.0.0.0):
    - Google-Mobile-Ads-SDK (~> 12.0)
    - IronSourceSDK (= 8.8.0.0)
  - GoogleMobileAdsMediationMintegral (7.7.7.0):
    - Google-Mobile-Ads-SDK (~> 12.0)
    - MintegralAdSDK/All (= 7.7.7)
  - GoogleMobileAdsMediationPangle (7.4.1.0.0):
    - Ads-Global (= 7.4.1.0)
    - Google-Mobile-Ads-SDK (~> 12.0)
  - GoogleMobileAdsMediationUnity (4.14.0.0):
    - Google-Mobile-Ads-SDK (~> 12.0)
    - UnityAds (= 4.14.0)
  - GoogleMobileAdsMediationVungle (7.4.5.0):
    - Google-Mobile-Ads-SDK (~> 12.0)
    - VungleAds (= 7.4.5)
  - GoogleUserMessagingPlatform (3.0.0)
  - GoogleUtilities/Environment (8.1.0):
    - GoogleUtilities/Privacy
  - GoogleUtilities/Logger (8.1.0):
    - GoogleUtilities/Environment
    - GoogleUtilities/Privacy
  - "GoogleUtilities/NSData+zlib (8.1.0)":
    - GoogleUtilities/Privacy
  - GoogleUtilities/Privacy (8.1.0)
  - GoogleUtilities/UserDefaults (8.1.0):
    - GoogleUtilities/Logger
    - GoogleUtilities/Privacy
  - IronSourceSDK (8.8.0.0)
  - Masonry (1.1.0)
  - MintegralAdSDK (7.7.7):
    - MintegralAdSDK/BannerAd (= 7.7.7)
    - MintegralAdSDK/BidBannerAd (= 7.7.7)
    - MintegralAdSDK/BidInterstitialVideoAd (= 7.7.7)
    - MintegralAdSDK/BidNativeAd (= 7.7.7)
    - MintegralAdSDK/BidNewInterstitialAd (= 7.7.7)
    - MintegralAdSDK/BidRewardVideoAd (= 7.7.7)
    - MintegralAdSDK/InterstitialVideoAd (= 7.7.7)
    - MintegralAdSDK/NativeAd (= 7.7.7)
    - MintegralAdSDK/NewInterstitialAd (= 7.7.7)
    - MintegralAdSDK/RewardVideoAd (= 7.7.7)
  - MintegralAdSDK/All (7.7.7):
    - MintegralAdSDK/BannerAd
    - MintegralAdSDK/BidNativeAd
    - MintegralAdSDK/InterstitialVideoAd
    - MintegralAdSDK/NativeAd
    - MintegralAdSDK/NativeAdvancedAd
    - MintegralAdSDK/NewInterstitialAd
    - MintegralAdSDK/RewardVideoAd
    - MintegralAdSDK/SplashAd
  - MintegralAdSDK/BannerAd (7.7.7):
    - MintegralAdSDK/NativeAd
  - MintegralAdSDK/BidBannerAd (7.7.7):
    - MintegralAdSDK/BannerAd
    - MintegralAdSDK/BidNativeAd
  - MintegralAdSDK/BidInterstitialVideoAd (7.7.7):
    - MintegralAdSDK/BidNativeAd
    - MintegralAdSDK/InterstitialVideoAd
  - MintegralAdSDK/BidNativeAd (7.7.7):
    - MintegralAdSDK/NativeAd
  - MintegralAdSDK/BidNewInterstitialAd (7.7.7):
    - MintegralAdSDK/BidNativeAd
    - MintegralAdSDK/NewInterstitialAd
  - MintegralAdSDK/BidRewardVideoAd (7.7.7):
    - MintegralAdSDK/BidNativeAd
    - MintegralAdSDK/RewardVideoAd
  - MintegralAdSDK/BidSplashAd (7.7.7):
    - MintegralAdSDK/BidNativeAd
    - MintegralAdSDK/SplashAd
  - MintegralAdSDK/InterstitialVideoAd (7.7.7):
    - MintegralAdSDK/NativeAd
  - MintegralAdSDK/NativeAd (7.7.7)
  - MintegralAdSDK/NativeAdvancedAd (7.7.7):
    - MintegralAdSDK/NativeAd
  - MintegralAdSDK/NewInterstitialAd (7.7.7):
    - MintegralAdSDK/InterstitialVideoAd
    - MintegralAdSDK/NativeAd
  - MintegralAdSDK/RewardVideoAd (7.7.7):
    - MintegralAdSDK/NativeAd
  - MintegralAdSDK/SplashAd (7.7.7):
    - MintegralAdSDK/NativeAd
  - PromisesObjC (2.4.0)
  - QMKJShanks (1.0.0):
    - AppLovinMediationBigoAdsAdapter (~> 4.6.0.0)
    - AppLovinMediationFacebookAdapter (~> 6.17.1.0)
    - AppLovinMediationFyberAdapter (~> 8.3.5.1)
    - AppLovinMediationGoogleAdapter (~> 12.1.0)
    - AppLovinMediationIronSourceAdapter (~> 8.8.0.0.0)
    - AppLovinMediationMintegralAdapter (~> 7.7.7.0.0)
    - AppLovinMediationUnityAdsAdapter (~> 4.14.0.0)
    - AppLovinMediationVungleAdapter (~> 7.4.5.0)
    - bigo-ads-admob-adapter (~> 4.6.0.0)
    - FirebaseRemoteConfig
    - Google-Mobile-Ads-SDK (~> 12.1.0)
    - GoogleMobileAdsMediationAppLovin (~> 13.1.0.0)
    - GoogleMobileAdsMediationFacebook (~> 6.17.1.0)
    - GoogleMobileAdsMediationIronSource (~> 8.8.0.0.0)
    - GoogleMobileAdsMediationMintegral (~> 7.7.7.0)
    - GoogleMobileAdsMediationPangle (~> 7.4.1.0.0)
    - GoogleMobileAdsMediationUnity (~> 4.14.0.0)
    - GoogleMobileAdsMediationVungle (~> 7.4.5.0)
    - GoogleUserMessagingPlatform (~> 3.0.0)
    - Masonry
    - SensorsAnalyticsSDK
    - SnapKit
    - SVProgressHUD
  - SensorsAnalyticsSDK (5.0.4):
    - SensorsAnalyticsSDK/Core (= 5.0.4)
  - SensorsAnalyticsSDK/Core (5.0.4)
  - SnapKit (5.7.1)
  - SVProgressHUD (2.3.1):
    - SVProgressHUD/Core (= 2.3.1)
  - SVProgressHUD/Core (2.3.1)
  - UnityAds (4.14.0)
  - VungleAds (7.4.5)

DEPENDENCIES:
  - QMKJShanks (from `../`)

SPEC REPOS:
  trunk:
    - Ads-Global
    - AppLovinMediationBigoAdsAdapter
    - AppLovinMediationFacebookAdapter
    - AppLovinMediationFyberAdapter
    - AppLovinMediationGoogleAdapter
    - AppLovinMediationIronSourceAdapter
    - AppLovinMediationMintegralAdapter
    - AppLovinMediationUnityAdsAdapter
    - AppLovinMediationVungleAdapter
    - AppLovinSDK
    - bigo-ads-admob-adapter
    - BigoADS
    - FBAudienceNetwork
    - FirebaseABTesting
    - FirebaseCore
    - FirebaseCoreInternal
    - FirebaseInstallations
    - FirebaseRemoteConfig
    - FirebaseRemoteConfigInterop
    - FirebaseSharedSwift
    - Fyber_Marketplace_SDK
    - Google-Mobile-Ads-SDK
    - GoogleMobileAdsMediationAppLovin
    - GoogleMobileAdsMediationFacebook
    - GoogleMobileAdsMediationIronSource
    - GoogleMobileAdsMediationMintegral
    - GoogleMobileAdsMediationPangle
    - GoogleMobileAdsMediationUnity
    - GoogleMobileAdsMediationVungle
    - GoogleUserMessagingPlatform
    - GoogleUtilities
    - IronSourceSDK
    - Masonry
    - MintegralAdSDK
    - PromisesObjC
    - SensorsAnalyticsSDK
    - SnapKit
    - SVProgressHUD
    - UnityAds
    - VungleAds

EXTERNAL SOURCES:
  QMKJShanks:
    :path: "../"

SPEC CHECKSUMS:
  Ads-Global: a40a5b5effd381e4d58b52a914f4bcd4a6932d45
  AppLovinMediationBigoAdsAdapter: 9250d5fb076255188d9550529f07b4994bdc76e0
  AppLovinMediationFacebookAdapter: 413c7188e2a21e4c9256aa2b096ddc27240b1443
  AppLovinMediationFyberAdapter: 09bb650f500da14a50b52bbf7958511de0384eaf
  AppLovinMediationGoogleAdapter: 74b1cd1135c7a8c53beaa6da28ba64eb4e8d72e5
  AppLovinMediationIronSourceAdapter: 77406f18fbb4efc4c0476666dc2b85f51a7b07cb
  AppLovinMediationMintegralAdapter: ad62f2526190100c1bb6dda43b1dc07d9638d534
  AppLovinMediationUnityAdsAdapter: 9802ce83c6aad120f86c4cf864a3ab5159b56c2a
  AppLovinMediationVungleAdapter: 0212c121e9a86a2e149a79c365bd24529fd60315
  AppLovinSDK: 539a0178d8bef4d68b2551a93526e0c1bba06cb2
  bigo-ads-admob-adapter: f25b7e4af5e81b6a98f349ecfb08f18ff5b862bb
  BigoADS: c4d9ec9cf6d3346843e126cdba111647ec402d9b
  FBAudienceNetwork: eb3ffbf2b35df25e21e163657044ffef66616a40
  FirebaseABTesting: 5e9d432834aebf27ab72100d37af44dfbe8d82f7
  FirebaseCore: efb3893e5b94f32b86e331e3bd6dadf18b66568e
  FirebaseCoreInternal: 9afa45b1159304c963da48addb78275ef701c6b4
  FirebaseInstallations: 317270fec08a5d418fdbc8429282238cab3ac843
  FirebaseRemoteConfig: b496646b82855e174a7f1e354c65e0e913085168
  FirebaseRemoteConfigInterop: 1c6135e8a094cc6368949f5faeeca7ee8948b8aa
  FirebaseSharedSwift: e17c654ef1f1a616b0b33054e663ad1035c8fd40
  Fyber_Marketplace_SDK: 8b042ecd850accf338a052ca23a4e105f71154ec
  Google-Mobile-Ads-SDK: c9e5722cac79b39241d13b911f9f1eb21bdd0802
  GoogleMobileAdsMediationAppLovin: d864b228ab5c662d9be62ee4303a3ead598eff0f
  GoogleMobileAdsMediationFacebook: 750a2c14ce0bdf813e4e1d4ab4aa283f72f8a875
  GoogleMobileAdsMediationIronSource: fd3c9a3986e61cbae0cb3a413518284c9ac4e9d9
  GoogleMobileAdsMediationMintegral: 5e4e9c04617d9c3c6a2af4065a1e442d2b04bcd3
  GoogleMobileAdsMediationPangle: 2bfdfbd37b908a81eb6827b6c5668a4a201837fb
  GoogleMobileAdsMediationUnity: 07652dca0e9e0007aa60e3701106fa51ee867ab5
  GoogleMobileAdsMediationVungle: e9fda9d0a74a0b24c7e4f58babf7939b8599e559
  GoogleUserMessagingPlatform: f8d0cdad3ca835406755d0a69aa634f00e76d576
  GoogleUtilities: 00c88b9a86066ef77f0da2fab05f65d7768ed8e1
  IronSourceSDK: ff0b14630899756847f7608a75182f10f022e5ef
  Masonry: 678fab65091a9290e40e2832a55e7ab731aad201
  MintegralAdSDK: 190c6cd3d83b31b51833e3341857c58dc430da2e
  PromisesObjC: f5707f49cb48b9636751c5b2e7d227e43fba9f47
  QMKJShanks: 548edb5e7cf5de210193a6cec8a8bd90ee2ce370
  SensorsAnalyticsSDK: aeca2a28098170d1f7d23e06c7d1850e94a91c98
  SnapKit: d612e99e678a2d3b95bf60b0705ed0a35c03484a
  SVProgressHUD: 4837c74bdfe2e51e8821c397825996a8d7de6e22
  UnityAds: 4fdff895cdc1b625f6897d563f92bd703e9760d2
  VungleAds: 1da221690dd1a8710d0b6a4c7aeac14cb12d31ab

PODFILE CHECKSUM: ddaf49a946a5088f1240011ba0277a7bcbf91748

COCOAPODS: 1.16.2
